
Microsoft Visual Studio Solution File, Format Version 12.00
# Visual Studio Version 17
VisualStudioVersion = 17.11.35222.181
MinimumVisualStudioVersion = 10.0.40219.1
Project("{2150E333-8FDC-42A3-9474-1A3956D46DE8}") = "GitHub Files", "GitHub Files", "{D964C15F-622E-4DC4-B04E-96C7D73CED49}"
	ProjectSection(SolutionItems) = preProject
		CONTRIBUTING.md = CONTRIBUTING.md
		LICENSE = LICENSE
		README.md = README.md
	EndProjectSection
EndProject
Project("{FAE04EC0-301F-11D3-BF4B-00C04F79EFBC}") = "ReqnrollProject1", "ReqnrollProject1\ReqnrollProject1.csproj", "{418DD09D-619A-42BA-BB07-C6BDF7E3F279}"
EndProject
Project("{FAE04EC0-301F-11D3-BF4B-00C04F79EFBC}") = "DissectPECOFFBinary", "DissectPECOFFBinary\DissectPECOFFBinary.csproj", "{0D7A9F7F-9B2C-42EC-BA24-C15D5E85B26F}"
EndProject
Project("{FAE04EC0-301F-11D3-BF4B-00C04F79EFBC}") = "PrintPinaryFile", "PrintPinaryFile\PrintPinaryFile.csproj", "{36DC0A03-846B-4FD7-A684-830CB2094CE9}"
EndProject
Global
	GlobalSection(SolutionConfigurationPlatforms) = preSolution
		Debug|Any CPU = Debug|Any CPU
		Release|Any CPU = Release|Any CPU
	EndGlobalSection
	GlobalSection(ProjectConfigurationPlatforms) = postSolution
		{418DD09D-619A-42BA-BB07-C6BDF7E3F279}.Debug|Any CPU.ActiveCfg = Debug|Any CPU
		{418DD09D-619A-42BA-BB07-C6BDF7E3F279}.Debug|Any CPU.Build.0 = Debug|Any CPU
		{418DD09D-619A-42BA-BB07-C6BDF7E3F279}.Release|Any CPU.ActiveCfg = Release|Any CPU
		{418DD09D-619A-42BA-BB07-C6BDF7E3F279}.Release|Any CPU.Build.0 = Release|Any CPU
		{0D7A9F7F-9B2C-42EC-BA24-C15D5E85B26F}.Debug|Any CPU.ActiveCfg = Debug|Any CPU
		{0D7A9F7F-9B2C-42EC-BA24-C15D5E85B26F}.Debug|Any CPU.Build.0 = Debug|Any CPU
		{0D7A9F7F-9B2C-42EC-BA24-C15D5E85B26F}.Release|Any CPU.ActiveCfg = Release|Any CPU
		{0D7A9F7F-9B2C-42EC-BA24-C15D5E85B26F}.Release|Any CPU.Build.0 = Release|Any CPU
		{36DC0A03-846B-4FD7-A684-830CB2094CE9}.Debug|Any CPU.ActiveCfg = Debug|Any CPU
		{36DC0A03-846B-4FD7-A684-830CB2094CE9}.Debug|Any CPU.Build.0 = Debug|Any CPU
		{36DC0A03-846B-4FD7-A684-830CB2094CE9}.Release|Any CPU.ActiveCfg = Release|Any CPU
		{36DC0A03-846B-4FD7-A684-830CB2094CE9}.Release|Any CPU.Build.0 = Release|Any CPU
	EndGlobalSection
	GlobalSection(SolutionProperties) = preSolution
		HideSolutionNode = FALSE
	EndGlobalSection
	GlobalSection(ExtensibilityGlobals) = postSolution
		SolutionGuid = {295742FF-D4F1-4EC3-AA94-FDA497353F45}
	EndGlobalSection
EndGlobal
